
Microsoft Visual Studio Solution File, Format Version 12.00
# Visual Studio Version 17
VisualStudioVersion = 17.8.34511.84
MinimumVisualStudioVersion = 10.0.40219.1
Project("{FAE04EC0-301F-11D3-BF4B-00C04F79EFBC}") = "EventHandler", "EventHandler.csproj", "{457E7819-856E-4916-89D2-D1363D04D874}"
EndProject
Global
	GlobalSection(SolutionConfigurationPlatforms) = preSolution
		Debug|Any CPU = Debug|Any CPU
		Release|Any CPU = Release|Any CPU
	EndGlobalSection
	GlobalSection(ProjectConfigurationPlatforms) = postSolution
		{457E7819-856E-4916-89D2-D1363D04D874}.Debug|Any CPU.ActiveCfg = Debug|Any CPU
		{457E7819-856E-4916-89D2-D1363D04D874}.Debug|Any CPU.Build.0 = Debug|Any CPU
		{457E7819-856E-4916-89D2-D1363D04D874}.Release|Any CPU.ActiveCfg = Release|Any CPU
		{457E7819-856E-4916-89D2-D1363D04D874}.Release|Any CPU.Build.0 = Release|Any CPU
	EndGlobalSection
	GlobalSection(SolutionProperties) = preSolution
		HideSolutionNode = FALSE
	EndGlobalSection
	GlobalSection(ExtensibilityGlobals) = postSolution
		SolutionGuid = {FF48C118-4E79-4378-A7A0-F988AB9729CF}
	EndGlobalSection
EndGlobal
