
Microsoft Visual Studio Solution File, Format Version 12.00
# Visual Studio Version 17
VisualStudioVersion = 17.8.34511.84
MinimumVisualStudioVersion = 10.0.40219.1
Project("{FAE04EC0-301F-11D3-BF4B-00C04F79EFBC}") = "LambdaPredicate", "LambdaPredicate.csproj", "{AAA177DE-B7F4-4F01-9886-CBACA2357CEB}"
EndProject
Global
	GlobalSection(SolutionConfigurationPlatforms) = preSolution
		Debug|Any CPU = Debug|Any CPU
		Release|Any CPU = Release|Any CPU
	EndGlobalSection
	GlobalSection(ProjectConfigurationPlatforms) = postSolution
		{AAA177DE-B7F4-4F01-9886-CBACA2357CEB}.Debug|Any CPU.ActiveCfg = Debug|Any CPU
		{AAA177DE-B7F4-4F01-9886-CBACA2357CEB}.Debug|Any CPU.Build.0 = Debug|Any CPU
		{AAA177DE-B7F4-4F01-9886-CBACA2357CEB}.Release|Any CPU.ActiveCfg = Release|Any CPU
		{AAA177DE-B7F4-4F01-9886-CBACA2357CEB}.Release|Any CPU.Build.0 = Release|Any CPU
	EndGlobalSection
	GlobalSection(SolutionProperties) = preSolution
		HideSolutionNode = FALSE
	EndGlobalSection
	GlobalSection(ExtensibilityGlobals) = postSolution
		SolutionGuid = {1DE5423B-D21F-4561-AD6C-CD67EA3F284E}
	EndGlobalSection
EndGlobal
