
Microsoft Visual Studio Solution File, Format Version 12.00
# Visual Studio Version 17
VisualStudioVersion = 17.8.34511.84
MinimumVisualStudioVersion = 10.0.40219.1
Project("{FAE04EC0-301F-11D3-BF4B-00C04F79EFBC}") = "Polymorphism", "Polymorphism.csproj", "{D34D73AF-E0CD-4E89-B9A9-A16A6EBBA39E}"
EndProject
Global
	GlobalSection(SolutionConfigurationPlatforms) = preSolution
		Debug|Any CPU = Debug|Any CPU
		Release|Any CPU = Release|Any CPU
	EndGlobalSection
	GlobalSection(ProjectConfigurationPlatforms) = postSolution
		{D34D73AF-E0CD-4E89-B9A9-A16A6EBBA39E}.Debug|Any CPU.ActiveCfg = Debug|Any CPU
		{D34D73AF-E0CD-4E89-B9A9-A16A6EBBA39E}.Debug|Any CPU.Build.0 = Debug|Any CPU
		{D34D73AF-E0CD-4E89-B9A9-A16A6EBBA39E}.Release|Any CPU.ActiveCfg = Release|Any CPU
		{D34D73AF-E0CD-4E89-B9A9-A16A6EBBA39E}.Release|Any CPU.Build.0 = Release|Any CPU
	EndGlobalSection
	GlobalSection(SolutionProperties) = preSolution
		HideSolutionNode = FALSE
	EndGlobalSection
	GlobalSection(ExtensibilityGlobals) = postSolution
		SolutionGuid = {A7349AD6-95F8-4A1A-8564-F75E5A7338FF}
	EndGlobalSection
EndGlobal
