
Microsoft Visual Studio Solution File, Format Version 12.00
# Visual Studio Version 17
VisualStudioVersion = 17.8.34511.84
MinimumVisualStudioVersion = 10.0.40219.1
Project("{FAE04EC0-301F-11D3-BF4B-00C04F79EFBC}") = "String extension method", "String extension method.csproj", "{AD1DB1BF-D948-4846-97A0-968C205D67BB}"
EndProject
Global
	GlobalSection(SolutionConfigurationPlatforms) = preSolution
		Debug|Any CPU = Debug|Any CPU
		Release|Any CPU = Release|Any CPU
	EndGlobalSection
	GlobalSection(ProjectConfigurationPlatforms) = postSolution
		{AD1DB1BF-D948-4846-97A0-968C205D67BB}.Debug|Any CPU.ActiveCfg = Debug|Any CPU
		{AD1DB1BF-D948-4846-97A0-968C205D67BB}.Debug|Any CPU.Build.0 = Debug|Any CPU
		{AD1DB1BF-D948-4846-97A0-968C205D67BB}.Release|Any CPU.ActiveCfg = Release|Any CPU
		{AD1DB1BF-D948-4846-97A0-968C205D67BB}.Release|Any CPU.Build.0 = Release|Any CPU
	EndGlobalSection
	GlobalSection(SolutionProperties) = preSolution
		HideSolutionNode = FALSE
	EndGlobalSection
	GlobalSection(ExtensibilityGlobals) = postSolution
		SolutionGuid = {17396545-1BA2-46E5-8FD4-9407519CA344}
	EndGlobalSection
EndGlobal
