
Microsoft Visual Studio Solution File, Format Version 12.00
# Visual Studio Version 17
VisualStudioVersion = 17.8.34511.84
MinimumVisualStudioVersion = 10.0.40219.1
Project("{FAE04EC0-301F-11D3-BF4B-00C04F79EFBC}") = "Class design", "Class design.csproj", "{C2A82616-780A-4449-A1B3-99FB3537D4DB}"
EndProject
Global
	GlobalSection(SolutionConfigurationPlatforms) = preSolution
		Debug|Any CPU = Debug|Any CPU
		Release|Any CPU = Release|Any CPU
	EndGlobalSection
	GlobalSection(ProjectConfigurationPlatforms) = postSolution
		{C2A82616-780A-4449-A1B3-99FB3537D4DB}.Debug|Any CPU.ActiveCfg = Debug|Any CPU
		{C2A82616-780A-4449-A1B3-99FB3537D4DB}.Debug|Any CPU.Build.0 = Debug|Any CPU
		{C2A82616-780A-4449-A1B3-99FB3537D4DB}.Release|Any CPU.ActiveCfg = Release|Any CPU
		{C2A82616-780A-4449-A1B3-99FB3537D4DB}.Release|Any CPU.Build.0 = Release|Any CPU
	EndGlobalSection
	GlobalSection(SolutionProperties) = preSolution
		HideSolutionNode = FALSE
	EndGlobalSection
	GlobalSection(ExtensibilityGlobals) = postSolution
		SolutionGuid = {6344A5E7-260A-4A16-B9E1-0F23904C7897}
	EndGlobalSection
EndGlobal
