
Microsoft Visual Studio Solution File, Format Version 12.00
# Visual Studio Version 17
VisualStudioVersion = 17.8.34511.84
MinimumVisualStudioVersion = 10.0.40219.1
Project("{FAE04EC0-301F-11D3-BF4B-00C04F79EFBC}") = "ExtensionMethods", "ExtensionMethods.csproj", "{1EC859DF-90CD-40B8-B282-E8FBB0A784CA}"
EndProject
Global
	GlobalSection(SolutionConfigurationPlatforms) = preSolution
		Debug|Any CPU = Debug|Any CPU
		Release|Any CPU = Release|Any CPU
	EndGlobalSection
	GlobalSection(ProjectConfigurationPlatforms) = postSolution
		{1EC859DF-90CD-40B8-B282-E8FBB0A784CA}.Debug|Any CPU.ActiveCfg = Debug|Any CPU
		{1EC859DF-90CD-40B8-B282-E8FBB0A784CA}.Debug|Any CPU.Build.0 = Debug|Any CPU
		{1EC859DF-90CD-40B8-B282-E8FBB0A784CA}.Release|Any CPU.ActiveCfg = Release|Any CPU
		{1EC859DF-90CD-40B8-B282-E8FBB0A784CA}.Release|Any CPU.Build.0 = Release|Any CPU
	EndGlobalSection
	GlobalSection(SolutionProperties) = preSolution
		HideSolutionNode = FALSE
	EndGlobalSection
	GlobalSection(ExtensibilityGlobals) = postSolution
		SolutionGuid = {F85A5873-1B69-42B6-95BF-210E70AE1BE6}
	EndGlobalSection
EndGlobal
