
Microsoft Visual Studio Solution File, Format Version 12.00
# Visual Studio Version 17
VisualStudioVersion = 17.8.34511.84
MinimumVisualStudioVersion = 10.0.40219.1
Project("{FAE04EC0-301F-11D3-BF4B-00C04F79EFBC}") = "Dispose Pattern", "Dispose Pattern.csproj", "{8F907DAA-FD3C-4EB5-84DB-8036C928B98C}"
EndProject
Global
	GlobalSection(SolutionConfigurationPlatforms) = preSolution
		Debug|Any CPU = Debug|Any CPU
		Release|Any CPU = Release|Any CPU
	EndGlobalSection
	GlobalSection(ProjectConfigurationPlatforms) = postSolution
		{8F907DAA-FD3C-4EB5-84DB-8036C928B98C}.Debug|Any CPU.ActiveCfg = Debug|Any CPU
		{8F907DAA-FD3C-4EB5-84DB-8036C928B98C}.Debug|Any CPU.Build.0 = Debug|Any CPU
		{8F907DAA-FD3C-4EB5-84DB-8036C928B98C}.Release|Any CPU.ActiveCfg = Release|Any CPU
		{8F907DAA-FD3C-4EB5-84DB-8036C928B98C}.Release|Any CPU.Build.0 = Release|Any CPU
	EndGlobalSection
	GlobalSection(SolutionProperties) = preSolution
		HideSolutionNode = FALSE
	EndGlobalSection
	GlobalSection(ExtensibilityGlobals) = postSolution
		SolutionGuid = {EFBA3992-DC06-4A5B-92A7-83DD59BD7363}
	EndGlobalSection
EndGlobal
